
Microsoft Visual Studio Solution File, Format Version 12.00
# Visual Studio Version 16
VisualStudioVersion = 16.0.30413.136
MinimumVisualStudioVersion = 10.0.40219.1
Project("{FAE04EC0-301F-11D3-BF4B-00C04F79EFBC}") = "MH650RGB", "MH650RGB\MH650RGB.csproj", "{770071CF-4437-4B95-9910-630D6DF154CA}"
EndProject
Project("{FAE04EC0-301F-11D3-BF4B-00C04F79EFBC}") = "MH650RGBTest", "MH650RGBTest\MH650RGBTest.csproj", "{9805512D-79CD-421D-8781-DCB79038646C}"
EndProject
Global
	GlobalSection(SolutionConfigurationPlatforms) = preSolution
		Debug|Any CPU = Debug|Any CPU
		Release|Any CPU = Release|Any CPU
	EndGlobalSection
	GlobalSection(ProjectConfigurationPlatforms) = postSolution
		{770071CF-4437-4B95-9910-630D6DF154CA}.Debug|Any CPU.ActiveCfg = Debug|Any CPU
		{770071CF-4437-4B95-9910-630D6DF154CA}.Debug|Any CPU.Build.0 = Debug|Any CPU
		{770071CF-4437-4B95-9910-630D6DF154CA}.Release|Any CPU.ActiveCfg = Release|Any CPU
		{770071CF-4437-4B95-9910-630D6DF154CA}.Release|Any CPU.Build.0 = Release|Any CPU
		{9805512D-79CD-421D-8781-DCB79038646C}.Debug|Any CPU.ActiveCfg = Debug|Any CPU
		{9805512D-79CD-421D-8781-DCB79038646C}.Debug|Any CPU.Build.0 = Debug|Any CPU
		{9805512D-79CD-421D-8781-DCB79038646C}.Release|Any CPU.ActiveCfg = Release|Any CPU
		{9805512D-79CD-421D-8781-DCB79038646C}.Release|Any CPU.Build.0 = Release|Any CPU
	EndGlobalSection
	GlobalSection(SolutionProperties) = preSolution
		HideSolutionNode = FALSE
	EndGlobalSection
	GlobalSection(ExtensibilityGlobals) = postSolution
		SolutionGuid = {68D5D452-5E14-461C-8F32-8ED974DC928F}
	EndGlobalSection
EndGlobal
